
Microsoft Visual Studio Solution File, Format Version 12.00
# Visual Studio 2017
Project("{FAE04EC0-301F-11D3-BF4B-00C04F79EFBC}") = "LevelDesign3D", "LevelDesign3D.csproj", "{BA9A110F-4BF0-BE5A-58E6-ADD1668DCA44}"
EndProject
Project("{FAE04EC0-301F-11D3-BF4B-00C04F79EFBC}") = "LevelDesign3D.Plugins", "LevelDesign3D.Plugins.csproj", "{F67B5D7B-C84E-4D34-0C60-39439F3908FF}"
EndProject
Project("{FAE04EC0-301F-11D3-BF4B-00C04F79EFBC}") = "LevelDesign3D.Editor", "LevelDesign3D.Editor.csproj", "{015E7827-8691-135F-14A1-683EC356B029}"
EndProject
Project("{FAE04EC0-301F-11D3-BF4B-00C04F79EFBC}") = "LevelDesign3D.Editor.Plugins", "LevelDesign3D.Editor.Plugins.csproj", "{EDEA608D-A9A6-D852-CF0B-C78AD8EFA938}"
EndProject
Global
	GlobalSection(SolutionConfigurationPlatforms) = preSolution
		Debug|Any CPU = Debug|Any CPU
		Release|Any CPU = Release|Any CPU
	EndGlobalSection
	GlobalSection(ProjectConfigurationPlatforms) = postSolution
		{BA9A110F-4BF0-BE5A-58E6-ADD1668DCA44}.Debug|Any CPU.ActiveCfg = Debug|Any CPU
		{BA9A110F-4BF0-BE5A-58E6-ADD1668DCA44}.Debug|Any CPU.Build.0 = Debug|Any CPU
		{BA9A110F-4BF0-BE5A-58E6-ADD1668DCA44}.Release|Any CPU.ActiveCfg = Release|Any CPU
		{BA9A110F-4BF0-BE5A-58E6-ADD1668DCA44}.Release|Any CPU.Build.0 = Release|Any CPU
		{F67B5D7B-C84E-4D34-0C60-39439F3908FF}.Debug|Any CPU.ActiveCfg = Debug|Any CPU
		{F67B5D7B-C84E-4D34-0C60-39439F3908FF}.Debug|Any CPU.Build.0 = Debug|Any CPU
		{F67B5D7B-C84E-4D34-0C60-39439F3908FF}.Release|Any CPU.ActiveCfg = Release|Any CPU
		{F67B5D7B-C84E-4D34-0C60-39439F3908FF}.Release|Any CPU.Build.0 = Release|Any CPU
		{015E7827-8691-135F-14A1-683EC356B029}.Debug|Any CPU.ActiveCfg = Debug|Any CPU
		{015E7827-8691-135F-14A1-683EC356B029}.Debug|Any CPU.Build.0 = Debug|Any CPU
		{015E7827-8691-135F-14A1-683EC356B029}.Release|Any CPU.ActiveCfg = Release|Any CPU
		{015E7827-8691-135F-14A1-683EC356B029}.Release|Any CPU.Build.0 = Release|Any CPU
		{EDEA608D-A9A6-D852-CF0B-C78AD8EFA938}.Debug|Any CPU.ActiveCfg = Debug|Any CPU
		{EDEA608D-A9A6-D852-CF0B-C78AD8EFA938}.Debug|Any CPU.Build.0 = Debug|Any CPU
		{EDEA608D-A9A6-D852-CF0B-C78AD8EFA938}.Release|Any CPU.ActiveCfg = Release|Any CPU
		{EDEA608D-A9A6-D852-CF0B-C78AD8EFA938}.Release|Any CPU.Build.0 = Release|Any CPU
	EndGlobalSection
	GlobalSection(SolutionProperties) = preSolution
		HideSolutionNode = FALSE
	EndGlobalSection
EndGlobal
