
Microsoft Visual Studio Solution File, Format Version 12.00
# Visual Studio 15
Project("{FAE04EC0-301F-11D3-BF4B-00C04F79EFBC}") = "LevelDesign3D", "Assembly-CSharp.csproj", "{B2FE9D00-1C85-1992-D185-A08D963F8E04}"
EndProject
Project("{FAE04EC0-301F-11D3-BF4B-00C04F79EFBC}") = "LevelDesign3D", "Assembly-CSharp-Editor.csproj", "{AE2C5878-9D58-FC10-BAD8-78CCFF70AE9B}"
EndProject
Global
	GlobalSection(SolutionConfigurationPlatforms) = preSolution
		Debug|Any CPU = Debug|Any CPU
		Release|Any CPU = Release|Any CPU
	EndGlobalSection
	GlobalSection(ProjectConfigurationPlatforms) = postSolution
		{B2FE9D00-1C85-1992-D185-A08D963F8E04}.Debug|Any CPU.ActiveCfg = Debug|Any CPU
		{B2FE9D00-1C85-1992-D185-A08D963F8E04}.Debug|Any CPU.Build.0 = Debug|Any CPU
		{B2FE9D00-1C85-1992-D185-A08D963F8E04}.Release|Any CPU.ActiveCfg = Release|Any CPU
		{B2FE9D00-1C85-1992-D185-A08D963F8E04}.Release|Any CPU.Build.0 = Release|Any CPU
		{AE2C5878-9D58-FC10-BAD8-78CCFF70AE9B}.Debug|Any CPU.ActiveCfg = Debug|Any CPU
		{AE2C5878-9D58-FC10-BAD8-78CCFF70AE9B}.Debug|Any CPU.Build.0 = Debug|Any CPU
		{AE2C5878-9D58-FC10-BAD8-78CCFF70AE9B}.Release|Any CPU.ActiveCfg = Release|Any CPU
		{AE2C5878-9D58-FC10-BAD8-78CCFF70AE9B}.Release|Any CPU.Build.0 = Release|Any CPU
	EndGlobalSection
	GlobalSection(SolutionProperties) = preSolution
		HideSolutionNode = FALSE
	EndGlobalSection
EndGlobal
